
Microsoft Visual Studio Solution File, Format Version 12.00
# Visual Studio 15
Project("{FAE04EC0-301F-11D3-BF4B-00C04F79EFBC}") = "Assembly-CSharp", "Assembly-CSharp.csproj", "{0163DD7B-EC27-421D-5FEA-D60C4CB8871D}"
EndProject
Project("{FAE04EC0-301F-11D3-BF4B-00C04F79EFBC}") = "Assembly-CSharp-Editor", "Assembly-CSharp-Editor.csproj", "{458A4F2D-C2BC-B182-9046-B97FEEF923B2}"
EndProject
Global
	GlobalSection(SolutionConfigurationPlatforms) = preSolution
		Debug|Any CPU = Debug|Any CPU
		Release|Any CPU = Release|Any CPU
	EndGlobalSection
	GlobalSection(ProjectConfigurationPlatforms) = postSolution
		{0163DD7B-EC27-421D-5FEA-D60C4CB8871D}.Debug|Any CPU.ActiveCfg = Debug|Any CPU
		{0163DD7B-EC27-421D-5FEA-D60C4CB8871D}.Debug|Any CPU.Build.0 = Debug|Any CPU
		{0163DD7B-EC27-421D-5FEA-D60C4CB8871D}.Release|Any CPU.ActiveCfg = Release|Any CPU
		{0163DD7B-EC27-421D-5FEA-D60C4CB8871D}.Release|Any CPU.Build.0 = Release|Any CPU
		{458A4F2D-C2BC-B182-9046-B97FEEF923B2}.Debug|Any CPU.ActiveCfg = Debug|Any CPU
		{458A4F2D-C2BC-B182-9046-B97FEEF923B2}.Debug|Any CPU.Build.0 = Debug|Any CPU
		{458A4F2D-C2BC-B182-9046-B97FEEF923B2}.Release|Any CPU.ActiveCfg = Release|Any CPU
		{458A4F2D-C2BC-B182-9046-B97FEEF923B2}.Release|Any CPU.Build.0 = Release|Any CPU
	EndGlobalSection
	GlobalSection(SolutionProperties) = preSolution
		HideSolutionNode = FALSE
	EndGlobalSection
EndGlobal
